<?xml version="1.0" encoding="utf-8"?>
<Project ToolsVersion="17.0" xmlns="http://schemas.microsoft.com/developer/msbuild/2003">
  <ItemGroup>
    <CustomBuild Include="C:\Users\danaa\Downloads\Task1\build64\CMakeFiles\f7dee63e6bbaf8f1b7804016a3411717\generate.stamp.rule">
      <Filter>CMake Rules</Filter>
    </CustomBuild>
  </ItemGroup>
  <ItemGroup>
    <Filter Include="CMake Rules">
      <UniqueIdentifier>{930EBB5B-AF0F-3E96-AEDC-B6F3FE54C5C4}</UniqueIdentifier>
    </Filter>
  </ItemGroup>
</Project>
